<?xml version="1.0" encoding="utf-8"?>
<Project ToolsVersion="4.0" xmlns="http://schemas.microsoft.com/developer/msbuild/2003">
  <ItemGroup>
    <Filter Include="Source Files">
      <UniqueIdentifier>{3fe593d4-3f6b-463d-b87d-896b29c1c7e5}</UniqueIdentifier>
      <Extensions>cpp;c;cxx;def;odl;idl;hpj;bat;asm</Extensions>
    </Filter>
    <Filter Include="Header Files">
      <UniqueIdentifier>{fa2c1a6e-93e1-4098-bf39-e87db312e6dc}</UniqueIdentifier>
      <Extensions>h;hpp;hxx;hm;inl;inc</Extensions>
    </Filter>
    <Filter Include="Resource Files">
      <UniqueIdentifier>{8929bba3-df9c-4098-b087-69b6bf212d0f}</UniqueIdentifier>
      <Extensions>rc;ico;cur;bmp;dlg;rc2;rct;bin;rgs;jpg;jpeg;jpe;manifest</Extensions>
    </Filter>
  </ItemGroup>
  <ItemGroup>
    <ClCompile Include="stdafx.cpp">
      <Filter>Source Files</Filter>
    </ClCompile>
    <ClCompile Include="MZLink.cpp">
      <Filter>Source Files</Filter>
    </ClCompile>
    <ClCompile Include="MainFrm.cpp">
      <Filter>Source Files</Filter>
    </ClCompile>
    <ClCompile Include="MZLinkView.cpp">
      <Filter>Source Files</Filter>
    </ClCompile>
    <ClCompile Include="AboutDlg.cpp">
      <Filter>Source Files</Filter>
    </ClCompile>
    <ClCompile Include="MZXml.cpp">
      <Filter>Source Files</Filter>
    </ClCompile>
    <ClCompile Include="MZExec.cpp">
      <Filter>Source Files</Filter>
    </ClCompile>
    <ClCompile Include="MZShellExec.cpp">
      <Filter>Source Files</Filter>
    </ClCompile>
    <ClCompile Include="MZCmdExec.cpp">
      <Filter>Source Files</Filter>
    </ClCompile>
    <ClCompile Include="MZLinkTree.cpp">
      <Filter>Source Files</Filter>
    </ClCompile>
  </ItemGroup>
  <ItemGroup>
    <ClInclude Include="stdafx.h">
      <Filter>Header Files</Filter>
    </ClInclude>
    <ClInclude Include="MainFrm.h">
      <Filter>Header Files</Filter>
    </ClInclude>
    <ClInclude Include="MZLinkView.h">
      <Filter>Header Files</Filter>
    </ClInclude>
    <ClInclude Include="AboutDlg.h">
      <Filter>Header Files</Filter>
    </ClInclude>
    <ClInclude Include="resource.h">
      <Filter>Header Files</Filter>
    </ClInclude>
    <ClInclude Include="MZXml.h">
      <Filter>Header Files</Filter>
    </ClInclude>
    <ClInclude Include="MZExec.h">
      <Filter>Header Files</Filter>
    </ClInclude>
    <ClInclude Include="MZShellExec.h">
      <Filter>Header Files</Filter>
    </ClInclude>
    <ClInclude Include="MZCmdExec.h">
      <Filter>Header Files</Filter>
    </ClInclude>
    <ClInclude Include="MZLinkTree.h">
      <Filter>Header Files</Filter>
    </ClInclude>
  </ItemGroup>
  <ItemGroup>
    <ResourceCompile Include="MZLink.rc">
      <Filter>Resource Files</Filter>
    </ResourceCompile>
  </ItemGroup>
  <ItemGroup>
    <Image Include="res\toolbar.bmp">
      <Filter>Resource Files</Filter>
    </Image>
    <Image Include="res\MZLink.ico">
      <Filter>Resource Files</Filter>
    </Image>
  </ItemGroup>
</Project>